
Microsoft Visual Studio Solution File, Format Version 12.00
# Visual Studio 14
VisualStudioVersion = 14.0.25420.1
MinimumVisualStudioVersion = 10.0.40219.1
Project("{FAE04EC0-301F-11D3-BF4B-00C04F79EFBC}") = "FileSearch", "FileSearch\FileSearch.csproj", "{AFEC9DBC-1233-4422-8415-2FBE644041A0}"
EndProject
Project("{FAE04EC0-301F-11D3-BF4B-00C04F79EFBC}") = "FileAlgorithms", "FileAlgorithms\FileAlgorithms.csproj", "{8DEB3238-EFA9-499C-83CD-9AF87EAA8E54}"
EndProject
Project("{FAE04EC0-301F-11D3-BF4B-00C04F79EFBC}") = "ExamplePlugin", "ExamplePlugin\ExamplePlugin.csproj", "{88178BFF-66C4-492E-9304-7956A0D5F293}"
EndProject
Global
	GlobalSection(SolutionConfigurationPlatforms) = preSolution
		Debug|Any CPU = Debug|Any CPU
		Release|Any CPU = Release|Any CPU
	EndGlobalSection
	GlobalSection(ProjectConfigurationPlatforms) = postSolution
		{AFEC9DBC-1233-4422-8415-2FBE644041A0}.Debug|Any CPU.ActiveCfg = Debug|Any CPU
		{AFEC9DBC-1233-4422-8415-2FBE644041A0}.Debug|Any CPU.Build.0 = Debug|Any CPU
		{AFEC9DBC-1233-4422-8415-2FBE644041A0}.Release|Any CPU.ActiveCfg = Release|Any CPU
		{AFEC9DBC-1233-4422-8415-2FBE644041A0}.Release|Any CPU.Build.0 = Release|Any CPU
		{8DEB3238-EFA9-499C-83CD-9AF87EAA8E54}.Debug|Any CPU.ActiveCfg = Debug|Any CPU
		{8DEB3238-EFA9-499C-83CD-9AF87EAA8E54}.Debug|Any CPU.Build.0 = Debug|Any CPU
		{8DEB3238-EFA9-499C-83CD-9AF87EAA8E54}.Release|Any CPU.ActiveCfg = Release|Any CPU
		{8DEB3238-EFA9-499C-83CD-9AF87EAA8E54}.Release|Any CPU.Build.0 = Release|Any CPU
		{88178BFF-66C4-492E-9304-7956A0D5F293}.Debug|Any CPU.ActiveCfg = Debug|Any CPU
		{88178BFF-66C4-492E-9304-7956A0D5F293}.Debug|Any CPU.Build.0 = Debug|Any CPU
		{88178BFF-66C4-492E-9304-7956A0D5F293}.Release|Any CPU.ActiveCfg = Release|Any CPU
		{88178BFF-66C4-492E-9304-7956A0D5F293}.Release|Any CPU.Build.0 = Release|Any CPU
	EndGlobalSection
	GlobalSection(SolutionProperties) = preSolution
		HideSolutionNode = FALSE
	EndGlobalSection
EndGlobal
